
Microsoft Visual Studio Solution File, Format Version 12.00
# Visual Studio Version 17
VisualStudioVersion = 17.13.35818.85 d17.13
MinimumVisualStudioVersion = 10.0.40219.1
Project("{FAE04EC0-301F-11D3-BF4B-00C04F79EFBC}") = "Ecomerce", "Ecomerce\Ecomerce.csproj", "{AC31129D-7AF9-43C0-A110-B85FBCDCA3C2}"
EndProject
Global
	GlobalSection(SolutionConfigurationPlatforms) = preSolution
		Debug|Any CPU = Debug|Any CPU
		Release|Any CPU = Release|Any CPU
	EndGlobalSection
	GlobalSection(ProjectConfigurationPlatforms) = postSolution
		{AC31129D-7AF9-43C0-A110-B85FBCDCA3C2}.Debug|Any CPU.ActiveCfg = Debug|Any CPU
		{AC31129D-7AF9-43C0-A110-B85FBCDCA3C2}.Debug|Any CPU.Build.0 = Debug|Any CPU
		{AC31129D-7AF9-43C0-A110-B85FBCDCA3C2}.Release|Any CPU.ActiveCfg = Release|Any CPU
		{AC31129D-7AF9-43C0-A110-B85FBCDCA3C2}.Release|Any CPU.Build.0 = Release|Any CPU
	EndGlobalSection
	GlobalSection(SolutionProperties) = preSolution
		HideSolutionNode = FALSE
	EndGlobalSection
	GlobalSection(ExtensibilityGlobals) = postSolution
		SolutionGuid = {F7D1F3A7-DE28-4C2D-8732-403A5A104B91}
	EndGlobalSection
EndGlobal
